
Microsoft Visual Studio Solution File, Format Version 12.00
# Visual Studio Version 17
VisualStudioVersion = 17.14.36518.9
MinimumVisualStudioVersion = 10.0.40219.1
Project("{FAE04EC0-301F-11D3-BF4B-00C04F79EFBC}") = "SprinklerSystem", "src\SprinklerSystem\SprinklerSystem.csproj", "{F78898F4-B59D-4996-91B9-A04937CB270E}"
EndProject
Project("{2150E333-8FDC-42A3-9474-1A3956D46DE8}") = "src", "src", "{02EA681E-C7D8-13C7-8484-4AC65E1B71E8}"
EndProject
Project("{2150E333-8FDC-42A3-9474-1A3956D46DE8}") = "SprinklerSystem", "SprinklerSystem", "{180F1761-1CC6-405B-9413-4EB3A6C46750}"
EndProject
Global
	GlobalSection(SolutionConfigurationPlatforms) = preSolution
		Debug|Any CPU = Debug|Any CPU
		Release|Any CPU = Release|Any CPU
	EndGlobalSection
	GlobalSection(ProjectConfigurationPlatforms) = postSolution
		{F78898F4-B59D-4996-91B9-A04937CB270E}.Debug|Any CPU.ActiveCfg = Debug|Any CPU
		{F78898F4-B59D-4996-91B9-A04937CB270E}.Debug|Any CPU.Build.0 = Debug|Any CPU
		{F78898F4-B59D-4996-91B9-A04937CB270E}.Release|Any CPU.ActiveCfg = Release|Any CPU
		{F78898F4-B59D-4996-91B9-A04937CB270E}.Release|Any CPU.Build.0 = Release|Any CPU
	EndGlobalSection
	GlobalSection(SolutionProperties) = preSolution
		HideSolutionNode = FALSE
	EndGlobalSection
	GlobalSection(NestedProjects) = preSolution
		{F78898F4-B59D-4996-91B9-A04937CB270E} = {180F1761-1CC6-405B-9413-4EB3A6C46750}
		{180F1761-1CC6-405B-9413-4EB3A6C46750} = {02EA681E-C7D8-13C7-8484-4AC65E1B71E8}
	EndGlobalSection
	GlobalSection(ExtensibilityGlobals) = postSolution
		SolutionGuid = {E08F5B2A-57D9-45E2-B3F3-6E5258151A32}
	EndGlobalSection
EndGlobal
